
Microsoft Visual Studio Solution File, Format Version 12.00
# Visual Studio Version 17
VisualStudioVersion = 17.9.34714.143
MinimumVisualStudioVersion = 10.0.40219.1
Project("{2150E333-8FDC-42A3-9474-1A3956D46DE8}") = "Src", "Src", "{CE9C32BE-BAEC-4131-A11C-F22F68AF6BEB}"
EndProject
Project("{2150E333-8FDC-42A3-9474-1A3956D46DE8}") = "01-Domain", "01-Domain", "{B9DEE825-4C4A-4DF7-B8D5-676E794949DF}"
EndProject
Project("{2150E333-8FDC-42A3-9474-1A3956D46DE8}") = "02-Infrastructures", "02-Infrastructures", "{8215E1A1-3DB0-490C-98D3-1CDE1111E9DC}"
EndProject
Project("{2150E333-8FDC-42A3-9474-1A3956D46DE8}") = "03-EndPoints", "03-EndPoints", "{4EB0A53B-A7E6-4CCA-845D-AFBD80C5C45E}"
EndProject
Project("{2150E333-8FDC-42A3-9474-1A3956D46DE8}") = "Core", "Core", "{E8BB7E54-6127-42A9-A692-0E0C5665FEBF}"
EndProject
Project("{2150E333-8FDC-42A3-9474-1A3956D46DE8}") = "Services", "Services", "{EF55D007-E9A3-4434-9C2B-B257F0248FFB}"
EndProject
Project("{2150E333-8FDC-42A3-9474-1A3956D46DE8}") = "DataAccess", "DataAccess", "{3C1CBF08-6A84-4614-952C-BAD55FC906F2}"
EndProject
Project("{2150E333-8FDC-42A3-9474-1A3956D46DE8}") = "Db", "Db", "{4FA8CC06-2D49-4BDB-BD3D-9FAEC7B37B7A}"
EndProject
Project("{FAE04EC0-301F-11D3-BF4B-00C04F79EFBC}") = "App.Domain.Core", "App.Domain.Core\App.Domain.Core.csproj", "{14C233F1-85AE-4997-927C-DC4BF539C2DA}"
EndProject
Project("{FAE04EC0-301F-11D3-BF4B-00C04F79EFBC}") = "App.Domain.AppServices", "App.Domain.AppServices\App.Domain.AppServices.csproj", "{7F80EE19-0AD6-42AB-A310-CBE735341345}"
EndProject
Project("{FAE04EC0-301F-11D3-BF4B-00C04F79EFBC}") = "App.Domain.Services", "App.Domain.Services\App.Domain.Services.csproj", "{159DF24F-DB70-442B-953C-C70957A5DC7A}"
EndProject
Global
	GlobalSection(SolutionConfigurationPlatforms) = preSolution
		Debug|Any CPU = Debug|Any CPU
		Release|Any CPU = Release|Any CPU
	EndGlobalSection
	GlobalSection(ProjectConfigurationPlatforms) = postSolution
		{14C233F1-85AE-4997-927C-DC4BF539C2DA}.Debug|Any CPU.ActiveCfg = Debug|Any CPU
		{14C233F1-85AE-4997-927C-DC4BF539C2DA}.Debug|Any CPU.Build.0 = Debug|Any CPU
		{14C233F1-85AE-4997-927C-DC4BF539C2DA}.Release|Any CPU.ActiveCfg = Release|Any CPU
		{14C233F1-85AE-4997-927C-DC4BF539C2DA}.Release|Any CPU.Build.0 = Release|Any CPU
		{7F80EE19-0AD6-42AB-A310-CBE735341345}.Debug|Any CPU.ActiveCfg = Debug|Any CPU
		{7F80EE19-0AD6-42AB-A310-CBE735341345}.Debug|Any CPU.Build.0 = Debug|Any CPU
		{7F80EE19-0AD6-42AB-A310-CBE735341345}.Release|Any CPU.ActiveCfg = Release|Any CPU
		{7F80EE19-0AD6-42AB-A310-CBE735341345}.Release|Any CPU.Build.0 = Release|Any CPU
		{159DF24F-DB70-442B-953C-C70957A5DC7A}.Debug|Any CPU.ActiveCfg = Debug|Any CPU
		{159DF24F-DB70-442B-953C-C70957A5DC7A}.Debug|Any CPU.Build.0 = Debug|Any CPU
		{159DF24F-DB70-442B-953C-C70957A5DC7A}.Release|Any CPU.ActiveCfg = Release|Any CPU
		{159DF24F-DB70-442B-953C-C70957A5DC7A}.Release|Any CPU.Build.0 = Release|Any CPU
	EndGlobalSection
	GlobalSection(SolutionProperties) = preSolution
		HideSolutionNode = FALSE
	EndGlobalSection
	GlobalSection(NestedProjects) = preSolution
		{B9DEE825-4C4A-4DF7-B8D5-676E794949DF} = {CE9C32BE-BAEC-4131-A11C-F22F68AF6BEB}
		{8215E1A1-3DB0-490C-98D3-1CDE1111E9DC} = {CE9C32BE-BAEC-4131-A11C-F22F68AF6BEB}
		{4EB0A53B-A7E6-4CCA-845D-AFBD80C5C45E} = {CE9C32BE-BAEC-4131-A11C-F22F68AF6BEB}
		{E8BB7E54-6127-42A9-A692-0E0C5665FEBF} = {B9DEE825-4C4A-4DF7-B8D5-676E794949DF}
		{EF55D007-E9A3-4434-9C2B-B257F0248FFB} = {B9DEE825-4C4A-4DF7-B8D5-676E794949DF}
		{3C1CBF08-6A84-4614-952C-BAD55FC906F2} = {8215E1A1-3DB0-490C-98D3-1CDE1111E9DC}
		{4FA8CC06-2D49-4BDB-BD3D-9FAEC7B37B7A} = {8215E1A1-3DB0-490C-98D3-1CDE1111E9DC}
		{14C233F1-85AE-4997-927C-DC4BF539C2DA} = {E8BB7E54-6127-42A9-A692-0E0C5665FEBF}
		{7F80EE19-0AD6-42AB-A310-CBE735341345} = {EF55D007-E9A3-4434-9C2B-B257F0248FFB}
		{159DF24F-DB70-442B-953C-C70957A5DC7A} = {EF55D007-E9A3-4434-9C2B-B257F0248FFB}
	EndGlobalSection
	GlobalSection(ExtensibilityGlobals) = postSolution
		SolutionGuid = {96B3D9D7-5EE5-429D-8883-E829C18FB5FE}
	EndGlobalSection
EndGlobal
