
Microsoft Visual Studio Solution File, Format Version 12.00
# Visual Studio Version 17
VisualStudioVersion = 17.9.34714.143
MinimumVisualStudioVersion = 10.0.40219.1
Project("{2150E333-8FDC-42A3-9474-1A3956D46DE8}") = "Src", "Src", "{CE9C32BE-BAEC-4131-A11C-F22F68AF6BEB}"
EndProject
Project("{2150E333-8FDC-42A3-9474-1A3956D46DE8}") = "01-Domain", "01-Domain", "{B9DEE825-4C4A-4DF7-B8D5-676E794949DF}"
EndProject
Project("{2150E333-8FDC-42A3-9474-1A3956D46DE8}") = "02-Infrastructures", "02-Infrastructures", "{8215E1A1-3DB0-490C-98D3-1CDE1111E9DC}"
EndProject
Project("{2150E333-8FDC-42A3-9474-1A3956D46DE8}") = "03-EndPoints", "03-EndPoints", "{4EB0A53B-A7E6-4CCA-845D-AFBD80C5C45E}"
EndProject
Project("{2150E333-8FDC-42A3-9474-1A3956D46DE8}") = "Core", "Core", "{E8BB7E54-6127-42A9-A692-0E0C5665FEBF}"
EndProject
Project("{2150E333-8FDC-42A3-9474-1A3956D46DE8}") = "Services", "Services", "{EF55D007-E9A3-4434-9C2B-B257F0248FFB}"
EndProject
Project("{2150E333-8FDC-42A3-9474-1A3956D46DE8}") = "DataAccess", "DataAccess", "{3C1CBF08-6A84-4614-952C-BAD55FC906F2}"
EndProject
Project("{2150E333-8FDC-42A3-9474-1A3956D46DE8}") = "Db", "Db", "{4FA8CC06-2D49-4BDB-BD3D-9FAEC7B37B7A}"
EndProject
Project("{9A19103F-16F7-4668-BE54-9A1E7A4F7556}") = "App.Domain.Core", "Src\01-Domain\Core\App.Domain.Core\App.Domain.Core.csproj", "{6D401304-C449-4288-892F-FF92387AB1FE}"
EndProject
Project("{9A19103F-16F7-4668-BE54-9A1E7A4F7556}") = "App.Domain.AppServices", "Src\01-Domain\Services\App.Domain.AppServices\App.Domain.AppServices.csproj", "{5FBA822C-547F-4E63-B434-F038F52B534B}"
	ProjectSection(ProjectDependencies) = postProject
		{6D401304-C449-4288-892F-FF92387AB1FE} = {6D401304-C449-4288-892F-FF92387AB1FE}
	EndProjectSection
EndProject
Project("{9A19103F-16F7-4668-BE54-9A1E7A4F7556}") = "App.Domain.Services", "Src\01-Domain\Services\App.Domain.Services\App.Domain.Services.csproj", "{2DA0377E-116F-4C85-ABF4-CB25D6A9BB92}"
EndProject
Project("{9A19103F-16F7-4668-BE54-9A1E7A4F7556}") = "App.Infra.Data.Repos.Ef", "Src\02-Infrastructures\DataAccess\App.Infra.Data.Repos.Ef\App.Infra.Data.Repos.Ef.csproj", "{C2DD49CE-1C1E-4705-AAB5-C215216159C7}"
EndProject
Project("{9A19103F-16F7-4668-BE54-9A1E7A4F7556}") = "App.Infa.Data.Db.SqlServer.Ef", "Src\02-Infrastructures\Db\App.Infa.Data.Db.SqlServer.Ef\App.Infa.Data.Db.SqlServer.Ef.csproj", "{F493A51C-665C-413C-BD5A-008F65F0AB9C}"
EndProject
Project("{9A19103F-16F7-4668-BE54-9A1E7A4F7556}") = "App.EndPoint.ClientAPI", "Src\03-EndPoints\App.EndPoint.ClientAPI\App.EndPoint.ClientAPI.csproj", "{3AAD8353-5C2D-410D-A9FB-EB6ABCF2C929}"
EndProject
Global
	GlobalSection(SolutionConfigurationPlatforms) = preSolution
		Debug|Any CPU = Debug|Any CPU
		Release|Any CPU = Release|Any CPU
	EndGlobalSection
	GlobalSection(ProjectConfigurationPlatforms) = postSolution
		{6D401304-C449-4288-892F-FF92387AB1FE}.Debug|Any CPU.ActiveCfg = Debug|Any CPU
		{6D401304-C449-4288-892F-FF92387AB1FE}.Debug|Any CPU.Build.0 = Debug|Any CPU
		{6D401304-C449-4288-892F-FF92387AB1FE}.Release|Any CPU.ActiveCfg = Release|Any CPU
		{6D401304-C449-4288-892F-FF92387AB1FE}.Release|Any CPU.Build.0 = Release|Any CPU
		{5FBA822C-547F-4E63-B434-F038F52B534B}.Debug|Any CPU.ActiveCfg = Debug|Any CPU
		{5FBA822C-547F-4E63-B434-F038F52B534B}.Debug|Any CPU.Build.0 = Debug|Any CPU
		{5FBA822C-547F-4E63-B434-F038F52B534B}.Release|Any CPU.ActiveCfg = Release|Any CPU
		{5FBA822C-547F-4E63-B434-F038F52B534B}.Release|Any CPU.Build.0 = Release|Any CPU
		{2DA0377E-116F-4C85-ABF4-CB25D6A9BB92}.Debug|Any CPU.ActiveCfg = Debug|Any CPU
		{2DA0377E-116F-4C85-ABF4-CB25D6A9BB92}.Debug|Any CPU.Build.0 = Debug|Any CPU
		{2DA0377E-116F-4C85-ABF4-CB25D6A9BB92}.Release|Any CPU.ActiveCfg = Release|Any CPU
		{2DA0377E-116F-4C85-ABF4-CB25D6A9BB92}.Release|Any CPU.Build.0 = Release|Any CPU
		{C2DD49CE-1C1E-4705-AAB5-C215216159C7}.Debug|Any CPU.ActiveCfg = Debug|Any CPU
		{C2DD49CE-1C1E-4705-AAB5-C215216159C7}.Debug|Any CPU.Build.0 = Debug|Any CPU
		{C2DD49CE-1C1E-4705-AAB5-C215216159C7}.Release|Any CPU.ActiveCfg = Release|Any CPU
		{C2DD49CE-1C1E-4705-AAB5-C215216159C7}.Release|Any CPU.Build.0 = Release|Any CPU
		{F493A51C-665C-413C-BD5A-008F65F0AB9C}.Debug|Any CPU.ActiveCfg = Debug|Any CPU
		{F493A51C-665C-413C-BD5A-008F65F0AB9C}.Debug|Any CPU.Build.0 = Debug|Any CPU
		{F493A51C-665C-413C-BD5A-008F65F0AB9C}.Release|Any CPU.ActiveCfg = Release|Any CPU
		{F493A51C-665C-413C-BD5A-008F65F0AB9C}.Release|Any CPU.Build.0 = Release|Any CPU
		{3AAD8353-5C2D-410D-A9FB-EB6ABCF2C929}.Debug|Any CPU.ActiveCfg = Debug|Any CPU
		{3AAD8353-5C2D-410D-A9FB-EB6ABCF2C929}.Debug|Any CPU.Build.0 = Debug|Any CPU
		{3AAD8353-5C2D-410D-A9FB-EB6ABCF2C929}.Release|Any CPU.ActiveCfg = Release|Any CPU
		{3AAD8353-5C2D-410D-A9FB-EB6ABCF2C929}.Release|Any CPU.Build.0 = Release|Any CPU
	EndGlobalSection
	GlobalSection(SolutionProperties) = preSolution
		HideSolutionNode = FALSE
	EndGlobalSection
	GlobalSection(NestedProjects) = preSolution
		{B9DEE825-4C4A-4DF7-B8D5-676E794949DF} = {CE9C32BE-BAEC-4131-A11C-F22F68AF6BEB}
		{8215E1A1-3DB0-490C-98D3-1CDE1111E9DC} = {CE9C32BE-BAEC-4131-A11C-F22F68AF6BEB}
		{4EB0A53B-A7E6-4CCA-845D-AFBD80C5C45E} = {CE9C32BE-BAEC-4131-A11C-F22F68AF6BEB}
		{E8BB7E54-6127-42A9-A692-0E0C5665FEBF} = {B9DEE825-4C4A-4DF7-B8D5-676E794949DF}
		{EF55D007-E9A3-4434-9C2B-B257F0248FFB} = {B9DEE825-4C4A-4DF7-B8D5-676E794949DF}
		{3C1CBF08-6A84-4614-952C-BAD55FC906F2} = {8215E1A1-3DB0-490C-98D3-1CDE1111E9DC}
		{4FA8CC06-2D49-4BDB-BD3D-9FAEC7B37B7A} = {8215E1A1-3DB0-490C-98D3-1CDE1111E9DC}
		{6D401304-C449-4288-892F-FF92387AB1FE} = {E8BB7E54-6127-42A9-A692-0E0C5665FEBF}
		{5FBA822C-547F-4E63-B434-F038F52B534B} = {EF55D007-E9A3-4434-9C2B-B257F0248FFB}
		{2DA0377E-116F-4C85-ABF4-CB25D6A9BB92} = {EF55D007-E9A3-4434-9C2B-B257F0248FFB}
		{C2DD49CE-1C1E-4705-AAB5-C215216159C7} = {3C1CBF08-6A84-4614-952C-BAD55FC906F2}
		{F493A51C-665C-413C-BD5A-008F65F0AB9C} = {4FA8CC06-2D49-4BDB-BD3D-9FAEC7B37B7A}
		{3AAD8353-5C2D-410D-A9FB-EB6ABCF2C929} = {4EB0A53B-A7E6-4CCA-845D-AFBD80C5C45E}
	EndGlobalSection
	GlobalSection(ExtensibilityGlobals) = postSolution
		SolutionGuid = {96B3D9D7-5EE5-429D-8883-E829C18FB5FE}
	EndGlobalSection
EndGlobal
